
Microsoft Visual Studio Solution File, Format Version 12.00
# Visual Studio Version 16
VisualStudioVersion = 16.0.29519.87
MinimumVisualStudioVersion = 10.0.40219.1
Project("{FAE04EC0-301F-11D3-BF4B-00C04F79EFBC}") = "E_Commerce_project", "E_Commerce_project\E_Commerce_project.csproj", "{4DA892A1-699C-42E7-B68F-87DEE9A47A2B}"
EndProject
Global
	GlobalSection(SolutionConfigurationPlatforms) = preSolution
		Debug|Any CPU = Debug|Any CPU
		Release|Any CPU = Release|Any CPU
	EndGlobalSection
	GlobalSection(ProjectConfigurationPlatforms) = postSolution
		{4DA892A1-699C-42E7-B68F-87DEE9A47A2B}.Debug|Any CPU.ActiveCfg = Debug|Any CPU
		{4DA892A1-699C-42E7-B68F-87DEE9A47A2B}.Debug|Any CPU.Build.0 = Debug|Any CPU
		{4DA892A1-699C-42E7-B68F-87DEE9A47A2B}.Release|Any CPU.ActiveCfg = Release|Any CPU
		{4DA892A1-699C-42E7-B68F-87DEE9A47A2B}.Release|Any CPU.Build.0 = Release|Any CPU
	EndGlobalSection
	GlobalSection(SolutionProperties) = preSolution
		HideSolutionNode = FALSE
	EndGlobalSection
	GlobalSection(ExtensibilityGlobals) = postSolution
		SolutionGuid = {BE3E16DA-5C1E-4B23-B854-E251682ED556}
	EndGlobalSection
EndGlobal
